
Microsoft Visual Studio Solution File, Format Version 12.00
# Visual Studio Version 16
VisualStudioVersion = 16.0.30907.101
MinimumVisualStudioVersion = 10.0.40219.1
Project("{FAE04EC0-301F-11D3-BF4B-00C04F79EFBC}") = "EmmaSpiteri_SWD6.1B", "EmmaSpiteri_SWD6.1B\EmmaSpiteri_SWD6.1B.csproj", "{6A995BC9-F9A7-4C51-8AB7-B5CE4AF294B3}"
EndProject
Global
	GlobalSection(SolutionConfigurationPlatforms) = preSolution
		Debug|Any CPU = Debug|Any CPU
		Release|Any CPU = Release|Any CPU
	EndGlobalSection
	GlobalSection(ProjectConfigurationPlatforms) = postSolution
		{6A995BC9-F9A7-4C51-8AB7-B5CE4AF294B3}.Debug|Any CPU.ActiveCfg = Debug|Any CPU
		{6A995BC9-F9A7-4C51-8AB7-B5CE4AF294B3}.Debug|Any CPU.Build.0 = Debug|Any CPU
		{6A995BC9-F9A7-4C51-8AB7-B5CE4AF294B3}.Release|Any CPU.ActiveCfg = Release|Any CPU
		{6A995BC9-F9A7-4C51-8AB7-B5CE4AF294B3}.Release|Any CPU.Build.0 = Release|Any CPU
	EndGlobalSection
	GlobalSection(SolutionProperties) = preSolution
		HideSolutionNode = FALSE
	EndGlobalSection
	GlobalSection(ExtensibilityGlobals) = postSolution
		SolutionGuid = {7949D9AC-7113-41B2-9BF8-86F9A73D0EF3}
	EndGlobalSection
EndGlobal
